
Microsoft Visual Studio Solution File, Format Version 12.00
Project("{FAE04EC0-301F-11D3-BF4B-00C04F79EFBC}") = "Tybscri", "Tybscri\Tybscri.csproj", "{A9731E04-5BC0-4EF5-AF92-BD20E33890BF}"
EndProject
Project("{FAE04EC0-301F-11D3-BF4B-00C04F79EFBC}") = "Tybscri.Test", "Tybscri.Test\Tybscri.Test.csproj", "{97F1F24A-2E0E-49A3-8346-BE3D6967CC3E}"
EndProject
Project("{FAE04EC0-301F-11D3-BF4B-00C04F79EFBC}") = "Tybscri.DemoEnvironment", "Tybscri.DemoEnvironment\Tybscri.DemoEnvironment.csproj", "{F51FC81F-CF2C-40DA-BE27-69D0D29E8990}"
EndProject
Global
	GlobalSection(SolutionConfigurationPlatforms) = preSolution
		Debug|Any CPU = Debug|Any CPU
		Release|Any CPU = Release|Any CPU
	EndGlobalSection
	GlobalSection(ProjectConfigurationPlatforms) = postSolution
		{A9731E04-5BC0-4EF5-AF92-BD20E33890BF}.Debug|Any CPU.ActiveCfg = Debug|Any CPU
		{A9731E04-5BC0-4EF5-AF92-BD20E33890BF}.Debug|Any CPU.Build.0 = Debug|Any CPU
		{A9731E04-5BC0-4EF5-AF92-BD20E33890BF}.Release|Any CPU.ActiveCfg = Release|Any CPU
		{A9731E04-5BC0-4EF5-AF92-BD20E33890BF}.Release|Any CPU.Build.0 = Release|Any CPU
		{97F1F24A-2E0E-49A3-8346-BE3D6967CC3E}.Debug|Any CPU.ActiveCfg = Debug|Any CPU
		{97F1F24A-2E0E-49A3-8346-BE3D6967CC3E}.Debug|Any CPU.Build.0 = Debug|Any CPU
		{97F1F24A-2E0E-49A3-8346-BE3D6967CC3E}.Release|Any CPU.ActiveCfg = Release|Any CPU
		{97F1F24A-2E0E-49A3-8346-BE3D6967CC3E}.Release|Any CPU.Build.0 = Release|Any CPU
		{F51FC81F-CF2C-40DA-BE27-69D0D29E8990}.Debug|Any CPU.ActiveCfg = Debug|Any CPU
		{F51FC81F-CF2C-40DA-BE27-69D0D29E8990}.Debug|Any CPU.Build.0 = Debug|Any CPU
		{F51FC81F-CF2C-40DA-BE27-69D0D29E8990}.Release|Any CPU.ActiveCfg = Release|Any CPU
		{F51FC81F-CF2C-40DA-BE27-69D0D29E8990}.Release|Any CPU.Build.0 = Release|Any CPU
	EndGlobalSection
EndGlobal
